// !$*UTF8*$!
{
	archiveVersion = 1;
	classes = {
	};
	objectVersion = 50;
	objects = {

/* Begin PBXBuildFile section */
		D69B81562268EC1C006F8F0E /* AppDelegate.swift in Sources */ = {isa = PBXBuildFile; fileRef = D69B81552268EC1C006F8F0E /* AppDelegate.swift */; };
		D69B81582268EC1C006F8F0E /* ViewController.swift in Sources */ = {isa = PBXBuildFile; fileRef = D69B81572268EC1C006F8F0E /* ViewController.swift */; };
		D69B815B2268EC1C006F8F0E /* Main.storyboard in Resources */ = {isa = PBXBuildFile; fileRef = D69B81592268EC1C006F8F0E /* Main.storyboard */; };
		D69B815D2268EC24006F8F0E /* Assets.xcassets in Resources */ = {isa = PBXBuildFile; fileRef = D69B815C2268EC24006F8F0E /* Assets.xcassets */; };
		D69B81602268EC24006F8F0E /* LaunchScreen.storyboard in Resources */ = {isa = PBXBuildFile; fileRef = D69B815E2268EC24006F8F0E /* LaunchScreen.storyboard */; };
		D69B81652268EC24006F8F0E /* Time Tracker WatchKit App.app in Embed Watch Content */ = {isa = PBXBuildFile; fileRef = D69B81642268EC24006F8F0E /* Time Tracker WatchKit App.app */; };
		D69B816B2268EC24006F8F0E /* Interface.storyboard in Resources */ = {isa = PBXBuildFile; fileRef = D69B81692268EC24006F8F0E /* Interface.storyboard */; };
		D69B816D2268EC25006F8F0E /* Assets.xcassets in Resources */ = {isa = PBXBuildFile; fileRef = D69B816C2268EC25006F8F0E /* Assets.xcassets */; };
		D69B81742268EC25006F8F0E /* Time Tracker WatchKit Extension.appex in Embed App Extensions */ = {isa = PBXBuildFile; fileRef = D69B81732268EC25006F8F0E /* Time Tracker WatchKit Extension.appex */; settings = {ATTRIBUTES = (RemoveHeadersOnCopy, ); }; };
		D69B81792268EC25006F8F0E /* InterfaceController.swift in Sources */ = {isa = PBXBuildFile; fileRef = D69B81782268EC25006F8F0E /* InterfaceController.swift */; };
		D69B817B2268EC25006F8F0E /* ExtensionDelegate.swift in Sources */ = {isa = PBXBuildFile; fileRef = D69B817A2268EC25006F8F0E /* ExtensionDelegate.swift */; };
		D69B817D2268EC26006F8F0E /* Assets.xcassets in Resources */ = {isa = PBXBuildFile; fileRef = D69B817C2268EC26006F8F0E /* Assets.xcassets */; };
/* End PBXBuildFile section */

/* Begin PBXContainerItemProxy section */
		D69B81662268EC24006F8F0E /* PBXContainerItemProxy */ = {
			isa = PBXContainerItemProxy;
			containerPortal = D69B814A2268EC1C006F8F0E /* Project object */;
			proxyType = 1;
			remoteGlobalIDString = D69B81632268EC24006F8F0E;
			remoteInfo = "Time Tracker WatchKit App";
		};
		D69B81752268EC25006F8F0E /* PBXContainerItemProxy */ = {
			isa = PBXContainerItemProxy;
			containerPortal = D69B814A2268EC1C006F8F0E /* Project object */;
			proxyType = 1;
			remoteGlobalIDString = D69B81722268EC25006F8F0E;
			remoteInfo = "Time Tracker WatchKit Extension";
		};
/* End PBXContainerItemProxy section */

/* Begin PBXCopyFilesBuildPhase section */
		D69B81842268EC26006F8F0E /* Embed App Extensions */ = {
			isa = PBXCopyFilesBuildPhase;
			buildActionMask = 2147483647;
			dstPath = "";
			dstSubfolderSpec = 13;
			files = (
				D69B81742268EC25006F8F0E /* Time Tracker WatchKit Extension.appex in Embed App Extensions */,
			);
			name = "Embed App Extensions";
			runOnlyForDeploymentPostprocessing = 0;
		};
		D69B81882268EC26006F8F0E /* Embed Watch Content */ = {
			isa = PBXCopyFilesBuildPhase;
			buildActionMask = 2147483647;
			dstPath = "$(CONTENTS_FOLDER_PATH)/Watch";
			dstSubfolderSpec = 16;
			files = (
				D69B81652268EC24006F8F0E /* Time Tracker WatchKit App.app in Embed Watch Content */,
			);
			name = "Embed Watch Content";
			runOnlyForDeploymentPostprocessing = 0;
		};
/* End PBXCopyFilesBuildPhase section */

/* Begin PBXFileReference section */
		D69B81522268EC1C006F8F0E /* Time Tracker.app */ = {isa = PBXFileReference; explicitFileType = wrapper.application; includeInIndex = 0; path = "Time Tracker.app"; sourceTree = BUILT_PRODUCTS_DIR; };
		D69B81552268EC1C006F8F0E /* AppDelegate.swift */ = {isa = PBXFileReference; lastKnownFileType = sourcecode.swift; path = AppDelegate.swift; sourceTree = "<group>"; };
		D69B81572268EC1C006F8F0E /* ViewController.swift */ = {isa = PBXFileReference; lastKnownFileType = sourcecode.swift; path = ViewController.swift; sourceTree = "<group>"; };
		D69B815A2268EC1C006F8F0E /* Base */ = {isa = PBXFileReference; lastKnownFileType = file.storyboard; name = Base; path = Base.lproj/Main.storyboard; sourceTree = "<group>"; };
		D69B815C2268EC24006F8F0E /* Assets.xcassets */ = {isa = PBXFileReference; lastKnownFileType = folder.assetcatalog; path = Assets.xcassets; sourceTree = "<group>"; };
		D69B815F2268EC24006F8F0E /* Base */ = {isa = PBXFileReference; lastKnownFileType = file.storyboard; name = Base; path = Base.lproj/LaunchScreen.storyboard; sourceTree = "<group>"; };
		D69B81612268EC24006F8F0E /* Info.plist */ = {isa = PBXFileReference; lastKnownFileType = text.plist.xml; path = Info.plist; sourceTree = "<group>"; };
		D69B81642268EC24006F8F0E /* Time Tracker WatchKit App.app */ = {isa = PBXFileReference; explicitFileType = wrapper.application; includeInIndex = 0; path = "Time Tracker WatchKit App.app"; sourceTree = BUILT_PRODUCTS_DIR; };
		D69B816A2268EC24006F8F0E /* Base */ = {isa = PBXFileReference; lastKnownFileType = file.storyboard; name = Base; path = Base.lproj/Interface.storyboard; sourceTree = "<group>"; };
		D69B816C2268EC25006F8F0E /* Assets.xcassets */ = {isa = PBXFileReference; lastKnownFileType = folder.assetcatalog; path = Assets.xcassets; sourceTree = "<group>"; };
		D69B816E2268EC25006F8F0E /* Info.plist */ = {isa = PBXFileReference; lastKnownFileType = text.plist.xml; path = Info.plist; sourceTree = "<group>"; };
		D69B81732268EC25006F8F0E /* Time Tracker WatchKit Extension.appex */ = {isa = PBXFileReference; explicitFileType = "wrapper.app-extension"; includeInIndex = 0; path = "Time Tracker WatchKit Extension.appex"; sourceTree = BUILT_PRODUCTS_DIR; };
		D69B81782268EC25006F8F0E /* InterfaceController.swift */ = {isa = PBXFileReference; lastKnownFileType = sourcecode.swift; path = InterfaceController.swift; sourceTree = "<group>"; };
		D69B817A2268EC25006F8F0E /* ExtensionDelegate.swift */ = {isa = PBXFileReference; lastKnownFileType = sourcecode.swift; path = ExtensionDelegate.swift; sourceTree = "<group>"; };
		D69B817C2268EC26006F8F0E /* Assets.xcassets */ = {isa = PBXFileReference; lastKnownFileType = folder.assetcatalog; path = Assets.xcassets; sourceTree = "<group>"; };
		D69B817E2268EC26006F8F0E /* Info.plist */ = {isa = PBXFileReference; lastKnownFileType = text.plist.xml; path = Info.plist; sourceTree = "<group>"; };
/* End PBXFileReference section */

/* Begin PBXFrameworksBuildPhase section */
		D69B814F2268EC1C006F8F0E /* Frameworks */ = {
			isa = PBXFrameworksBuildPhase;
			buildActionMask = 2147483647;
			files = (
			);
			runOnlyForDeploymentPostprocessing = 0;
		};
		D69B81702268EC25006F8F0E /* Frameworks */ = {
			isa = PBXFrameworksBuildPhase;
			buildActionMask = 2147483647;
			files = (
			);
			runOnlyForDeploymentPostprocessing = 0;
		};
/* End PBXFrameworksBuildPhase section */

/* Begin PBXGroup section */
		D69B81492268EC1C006F8F0E = {
			isa = PBXGroup;
			children = (
				D69B81542268EC1C006F8F0E /* Time Tracker */,
				D69B81682268EC24006F8F0E /* Time Tracker WatchKit App */,
				D69B81772268EC25006F8F0E /* Time Tracker WatchKit Extension */,
				D69B81532268EC1C006F8F0E /* Products */,
			);
			sourceTree = "<group>";
		};
		D69B81532268EC1C006F8F0E /* Products */ = {
			isa = PBXGroup;
			children = (
				D69B81522268EC1C006F8F0E /* Time Tracker.app */,
				D69B81642268EC24006F8F0E /* Time Tracker WatchKit App.app */,
				D69B81732268EC25006F8F0E /* Time Tracker WatchKit Extension.appex */,
			);
			name = Products;
			sourceTree = "<group>";
		};
		D69B81542268EC1C006F8F0E /* Time Tracker */ = {
			isa = PBXGroup;
			children = (
				D69B81552268EC1C006F8F0E /* AppDelegate.swift */,
				D69B81572268EC1C006F8F0E /* ViewController.swift */,
				D69B81592268EC1C006F8F0E /* Main.storyboard */,
				D69B815C2268EC24006F8F0E /* Assets.xcassets */,
				D69B815E2268EC24006F8F0E /* LaunchScreen.storyboard */,
				D69B81612268EC24006F8F0E /* Info.plist */,
			);
			path = "Time Tracker";
			sourceTree = "<group>";
		};
		D69B81682268EC24006F8F0E /* Time Tracker WatchKit App */ = {
			isa = PBXGroup;
			children = (
				D69B81692268EC24006F8F0E /* Interface.storyboard */,
				D69B816C2268EC25006F8F0E /* Assets.xcassets */,
				D69B816E2268EC25006F8F0E /* Info.plist */,
			);
			path = "Time Tracker WatchKit App";
			sourceTree = "<group>";
		};
		D69B81772268EC25006F8F0E /* Time Tracker WatchKit Extension */ = {
			isa = PBXGroup;
			children = (
				D69B81782268EC25006F8F0E /* InterfaceController.swift */,
				D69B817A2268EC25006F8F0E /* ExtensionDelegate.swift */,
				D69B817C2268EC26006F8F0E /* Assets.xcassets */,
				D69B817E2268EC26006F8F0E /* Info.plist */,
			);
			path = "Time Tracker WatchKit Extension";
			sourceTree = "<group>";
		};
/* End PBXGroup section */

/* Begin PBXNativeTarget section */
		D69B81512268EC1C006F8F0E /* Time Tracker */ = {
			isa = PBXNativeTarget;
			buildConfigurationList = D69B81892268EC26006F8F0E /* Build configuration list for PBXNativeTarget "Time Tracker" */;
			buildPhases = (
				D69B814E2268EC1C006F8F0E /* Sources */,
				D69B814F2268EC1C006F8F0E /* Frameworks */,
				D69B81502268EC1C006F8F0E /* Resources */,
				D69B81882268EC26006F8F0E /* Embed Watch Content */,
			);
			buildRules = (
			);
			dependencies = (
				D69B81672268EC24006F8F0E /* PBXTargetDependency */,
			);
			name = "Time Tracker";
			productName = "Time Tracker";
			productReference = D69B81522268EC1C006F8F0E /* Time Tracker.app */;
			productType = "com.apple.product-type.application";
		};
		D69B81632268EC24006F8F0E /* Time Tracker WatchKit App */ = {
			isa = PBXNativeTarget;
			buildConfigurationList = D69B81852268EC26006F8F0E /* Build configuration list for PBXNativeTarget "Time Tracker WatchKit App" */;
			buildPhases = (
				D69B81622268EC24006F8F0E /* Resources */,
				D69B81842268EC26006F8F0E /* Embed App Extensions */,
			);
			buildRules = (
			);
			dependencies = (
				D69B81762268EC25006F8F0E /* PBXTargetDependency */,
			);
			name = "Time Tracker WatchKit App";
			productName = "Time Tracker WatchKit App";
			productReference = D69B81642268EC24006F8F0E /* Time Tracker WatchKit App.app */;
			productType = "com.apple.product-type.application.watchapp2";
		};
		D69B81722268EC25006F8F0E /* Time Tracker WatchKit Extension */ = {
			isa = PBXNativeTarget;
			buildConfigurationList = D69B81812268EC26006F8F0E /* Build configuration list for PBXNativeTarget "Time Tracker WatchKit Extension" */;
			buildPhases = (
				D69B816F2268EC25006F8F0E /* Sources */,
				D69B81702268EC25006F8F0E /* Frameworks */,
				D69B81712268EC25006F8F0E /* Resources */,
			);
			buildRules = (
			);
			dependencies = (
			);
			name = "Time Tracker WatchKit Extension";
			productName = "Time Tracker WatchKit Extension";
			productReference = D69B81732268EC25006F8F0E /* Time Tracker WatchKit Extension.appex */;
			productType = "com.apple.product-type.watchkit2-extension";
		};
/* End PBXNativeTarget section */

/* Begin PBXProject section */
		D69B814A2268EC1C006F8F0E /* Project object */ = {
			isa = PBXProject;
			attributes = {
				LastSwiftUpdateCheck = 1020;
				LastUpgradeCheck = 1020;
				ORGANIZATIONNAME = "O'Mara Consulting Associates";
				TargetAttributes = {
					D69B81512268EC1C006F8F0E = {
						CreatedOnToolsVersion = 10.2.1;
					};
					D69B81632268EC24006F8F0E = {
						CreatedOnToolsVersion = 10.2.1;
					};
					D69B81722268EC25006F8F0E = {
						CreatedOnToolsVersion = 10.2.1;
					};
				};
			};
			buildConfigurationList = D69B814D2268EC1C006F8F0E /* Build configuration list for PBXProject "Time Tracker" */;
			compatibilityVersion = "Xcode 9.3";
			developmentRegion = en;
			hasScannedForEncodings = 0;
			knownRegions = (
				en,
				Base,
			);
			mainGroup = D69B81492268EC1C006F8F0E;
			productRefGroup = D69B81532268EC1C006F8F0E /* Products */;
			projectDirPath = "";
			projectRoot = "";
			targets = (
				D69B81512268EC1C006F8F0E /* Time Tracker */,
				D69B81632268EC24006F8F0E /* Time Tracker WatchKit App */,
				D69B81722268EC25006F8F0E /* Time Tracker WatchKit Extension */,
			);
		};
/* End PBXProject section */

/* Begin PBXResourcesBuildPhase section */
		D69B81502268EC1C006F8F0E /* Resources */ = {
			isa = PBXResourcesBuildPhase;
			buildActionMask = 2147483647;
			files = (
				D69B81602268EC24006F8F0E /* LaunchScreen.storyboard in Resources */,
				D69B815D2268EC24006F8F0E /* Assets.xcassets in Resources */,
				D69B815B2268EC1C006F8F0E /* Main.storyboard in Resources */,
			);
			runOnlyForDeploymentPostprocessing = 0;
		};
		D69B81622268EC24006F8F0E /* Resources */ = {
			isa = PBXResourcesBuildPhase;
			buildActionMask = 2147483647;
			files = (
				D69B816D2268EC25006F8F0E /* Assets.xcassets in Resources */,
				D69B816B2268EC24006F8F0E /* Interface.storyboard in Resources */,
			);
			runOnlyForDeploymentPostprocessing = 0;
		};
		D69B81712268EC25006F8F0E /* Resources */ = {
			isa = PBXResourcesBuildPhase;
			buildActionMask = 2147483647;
			files = (
				D69B817D2268EC26006F8F0E /* Assets.xcassets in Resources */,
			);
			runOnlyForDeploymentPostprocessing = 0;
		};
/* End PBXResourcesBuildPhase section */

/* Begin PBXSourcesBuildPhase section */
		D69B814E2268EC1C006F8F0E /* Sources */ = {
			isa = PBXSourcesBuildPhase;
			buildActionMask = 2147483647;
			files = (
				D69B81582268EC1C006F8F0E /* ViewController.swift in Sources */,
				D69B81562268EC1C006F8F0E /* AppDelegate.swift in Sources */,
			);
			runOnlyForDeploymentPostprocessing = 0;
		};
		D69B816F2268EC25006F8F0E /* Sources */ = {
			isa = PBXSourcesBuildPhase;
			buildActionMask = 2147483647;
			files = (
				D69B817B2268EC25006F8F0E /* ExtensionDelegate.swift in Sources */,
				D69B81792268EC25006F8F0E /* InterfaceController.swift in Sources */,
			);
			runOnlyForDeploymentPostprocessing = 0;
		};
/* End PBXSourcesBuildPhase section */

/* Begin PBXTargetDependency section */
		D69B81672268EC24006F8F0E /* PBXTargetDependency */ = {
			isa = PBXTargetDependency;
			target = D69B81632268EC24006F8F0E /* Time Tracker WatchKit App */;
			targetProxy = D69B81662268EC24006F8F0E /* PBXContainerItemProxy */;
		};
		D69B81762268EC25006F8F0E /* PBXTargetDependency */ = {
			isa = PBXTargetDependency;
			target = D69B81722268EC25006F8F0E /* Time Tracker WatchKit Extension */;
			targetProxy = D69B81752268EC25006F8F0E /* PBXContainerItemProxy */;
		};
/* End PBXTargetDependency section */

/* Begin PBXVariantGroup section */
		D69B81592268EC1C006F8F0E /* Main.storyboard */ = {
			isa = PBXVariantGroup;
			children = (
				D69B815A2268EC1C006F8F0E /* Base */,
			);
			name = Main.storyboard;
			sourceTree = "<group>";
		};
		D69B815E2268EC24006F8F0E /* LaunchScreen.storyboard */ = {
			isa = PBXVariantGroup;
			children = (
				D69B815F2268EC24006F8F0E /* Base */,
			);
			name = LaunchScreen.storyboard;
			sourceTree = "<group>";
		};
		D69B81692268EC24006F8F0E /* Interface.storyboard */ = {
			isa = PBXVariantGroup;
			children = (
				D69B816A2268EC24006F8F0E /* Base */,
			);
			name = Interface.storyboard;
			sourceTree = "<group>";
		};
/* End PBXVariantGroup section */

/* Begin XCBuildConfiguration section */
		D69B817F2268EC26006F8F0E /* Debug */ = {
			isa = XCBuildConfiguration;
			buildSettings = {
				ALWAYS_SEARCH_USER_PATHS = NO;
				CLANG_ANALYZER_NONNULL = YES;
				CLANG_ANALYZER_NUMBER_OBJECT_CONVERSION = YES_AGGRESSIVE;
				CLANG_CXX_LANGUAGE_STANDARD = "gnu++14";
				CLANG_CXX_LIBRARY = "libc++";
				CLANG_ENABLE_MODULES = YES;
				CLANG_ENABLE_OBJC_ARC = YES;
				CLANG_ENABLE_OBJC_WEAK = YES;
				CLANG_WARN_BLOCK_CAPTURE_AUTORELEASING = YES;
				CLANG_WARN_BOOL_CONVERSION = YES;
				CLANG_WARN_COMMA = YES;
				CLANG_WARN_CONSTANT_CONVERSION = YES;
				CLANG_WARN_DEPRECATED_OBJC_IMPLEMENTATIONS = YES;
				CLANG_WARN_DIRECT_OBJC_ISA_USAGE = YES_ERROR;
				CLANG_WARN_DOCUMENTATION_COMMENTS = YES;
				CLANG_WARN_EMPTY_BODY = YES;
				CLANG_WARN_ENUM_CONVERSION = YES;
				CLANG_WARN_INFINITE_RECURSION = YES;
				CLANG_WARN_INT_CONVERSION = YES;
				CLANG_WARN_NON_LITERAL_NULL_CONVERSION = YES;
				CLANG_WARN_OBJC_IMPLICIT_RETAIN_SELF = YES;
				CLANG_WARN_OBJC_LITERAL_CONVERSION = YES;
				CLANG_WARN_OBJC_ROOT_CLASS = YES_ERROR;
				CLANG_WARN_RANGE_LOOP_ANALYSIS = YES;
				CLANG_WARN_STRICT_PROTOTYPES = YES;
				CLANG_WARN_SUSPICIOUS_MOVE = YES;
				CLANG_WARN_UNGUARDED_AVAILABILITY = YES_AGGRESSIVE;
				CLANG_WARN_UNREACHABLE_CODE = YES;
				CLANG_WARN__DUPLICATE_METHOD_MATCH = YES;
				CODE_SIGN_IDENTITY = "iPhone Developer";
				COPY_PHASE_STRIP = NO;
				DEBUG_INFORMATION_FORMAT = dwarf;
				ENABLE_STRICT_OBJC_MSGSEND = YES;
				ENABLE_TESTABILITY = YES;
				GCC_C_LANGUAGE_STANDARD = gnu11;
				GCC_DYNAMIC_NO_PIC = NO;
				GCC_NO_COMMON_BLOCKS = YES;
				GCC_OPTIMIZATION_LEVEL = 0;
				GCC_PREPROCESSOR_DEFINITIONS = (
					"DEBUG=1",
					"$(inherited)",
				);
				GCC_WARN_64_TO_32_BIT_CONVERSION = YES;
				GCC_WARN_ABOUT_RETURN_TYPE = YES_ERROR;
				GCC_WARN_UNDECLARED_SELECTOR = YES;
				GCC_WARN_UNINITIALIZED_AUTOS = YES_AGGRESSIVE;
				GCC_WARN_UNUSED_FUNCTION = YES;
				GCC_WARN_UNUSED_VARIABLE = YES;
				IPHONEOS_DEPLOYMENT_TARGET = 12.2;
				MTL_ENABLE_DEBUG_INFO = INCLUDE_SOURCE;
				MTL_FAST_MATH = YES;
				ONLY_ACTIVE_ARCH = YES;
				SDKROOT = iphoneos;
				SWIFT_ACTIVE_COMPILATION_CONDITIONS = DEBUG;
				SWIFT_OPTIMIZATION_LEVEL = "-Onone";
			};
			name = Debug;
		};
		D69B81802268EC26006F8F0E /* Release */ = {
			isa = XCBuildConfiguration;
			buildSettings = {
				ALWAYS_SEARCH_USER_PATHS = NO;
				CLANG_ANALYZER_NONNULL = YES;
				CLANG_ANALYZER_NUMBER_OBJECT_CONVERSION = YES_AGGRESSIVE;
				CLANG_CXX_LANGUAGE_STANDARD = "gnu++14";
				CLANG_CXX_LIBRARY = "libc++";
				CLANG_ENABLE_MODULES = YES;
				CLANG_ENABLE_OBJC_ARC = YES;
				CLANG_ENABLE_OBJC_WEAK = YES;
				CLANG_WARN_BLOCK_CAPTURE_AUTORELEASING = YES;
				CLANG_WARN_BOOL_CONVERSION = YES;
				CLANG_WARN_COMMA = YES;
				CLANG_WARN_CONSTANT_CONVERSION = YES;
				CLANG_WARN_DEPRECATED_OBJC_IMPLEMENTATIONS = YES;
				CLANG_WARN_DIRECT_OBJC_ISA_USAGE = YES_ERROR;
				CLANG_WARN_DOCUMENTATION_COMMENTS = YES;
				CLANG_WARN_EMPTY_BODY = YES;
				CLANG_WARN_ENUM_CONVERSION = YES;
				CLANG_WARN_INFINITE_RECURSION = YES;
				CLANG_WARN_INT_CONVERSION = YES;
				CLANG_WARN_NON_LITERAL_NULL_CONVERSION = YES;
				CLANG_WARN_OBJC_IMPLICIT_RETAIN_SELF = YES;
				CLANG_WARN_OBJC_LITERAL_CONVERSION = YES;
				CLANG_WARN_OBJC_ROOT_CLASS = YES_ERROR;
				CLANG_WARN_RANGE_LOOP_ANALYSIS = YES;
				CLANG_WARN_STRICT_PROTOTYPES = YES;
				CLANG_WARN_SUSPICIOUS_MOVE = YES;
				CLANG_WARN_UNGUARDED_AVAILABILITY = YES_AGGRESSIVE;
				CLANG_WARN_UNREACHABLE_CODE = YES;
				CLANG_WARN__DUPLICATE_METHOD_MATCH = YES;
				CODE_SIGN_IDENTITY = "iPhone Developer";
				COPY_PHASE_STRIP = NO;
				DEBUG_INFORMATION_FORMAT = "dwarf-with-dsym";
				ENABLE_NS_ASSERTIONS = NO;
				ENABLE_STRICT_OBJC_MSGSEND = YES;
				GCC_C_LANGUAGE_STANDARD = gnu11;
				GCC_NO_COMMON_BLOCKS = YES;
				GCC_WARN_64_TO_32_BIT_CONVERSION = YES;
				GCC_WARN_ABOUT_RETURN_TYPE = YES_ERROR;
				GCC_WARN_UNDECLARED_SELECTOR = YES;
				GCC_WARN_UNINITIALIZED_AUTOS = YES_AGGRESSIVE;
				GCC_WARN_UNUSED_FUNCTION = YES;
				GCC_WARN_UNUSED_VARIABLE = YES;
				IPHONEOS_DEPLOYMENT_TARGET = 12.2;
				MTL_ENABLE_DEBUG_INFO = NO;
				MTL_FAST_MATH = YES;
				SDKROOT = iphoneos;
				SWIFT_COMPILATION_MODE = wholemodule;
				SWIFT_OPTIMIZATION_LEVEL = "-O";
				VALIDATE_PRODUCT = YES;
			};
			name = Release;
		};
		D69B81822268EC26006F8F0E /* Debug */ = {
			isa = XCBuildConfiguration;
			buildSettings = {
				ASSETCATALOG_COMPILER_COMPLICATION_NAME = Complication;
				CODE_SIGN_STYLE = Automatic;
				DEVELOPMENT_TEAM = CVC369LW49;
				INFOPLIST_FILE = "Time Tracker WatchKit Extension/Info.plist";
				LD_RUNPATH_SEARCH_PATHS = (
					"$(inherited)",
					"@executable_path/Frameworks",
					"@executable_path/../../Frameworks",
				);
				PRODUCT_BUNDLE_IDENTIFIER = "com.omaraconsultingassoc.Time-Tracker.watchkitapp.watchkitextension";
				PRODUCT_NAME = "${TARGET_NAME}";
				SDKROOT = watchos;
				SKIP_INSTALL = YES;
				SWIFT_VERSION = 5.0;
				TARGETED_DEVICE_FAMILY = 4;
				WATCHOS_DEPLOYMENT_TARGET = 5.2;
			};
			name = Debug;
		};
		D69B81832268EC26006F8F0E /* Release */ = {
			isa = XCBuildConfiguration;
			buildSettings = {
				ASSETCATALOG_COMPILER_COMPLICATION_NAME = Complication;
				CODE_SIGN_STYLE = Automatic;
				DEVELOPMENT_TEAM = CVC369LW49;
				INFOPLIST_FILE = "Time Tracker WatchKit Extension/Info.plist";
				LD_RUNPATH_SEARCH_PATHS = (
					"$(inherited)",
					"@executable_path/Frameworks",
					"@executable_path/../../Frameworks",
				);
				PRODUCT_BUNDLE_IDENTIFIER = "com.omaraconsultingassoc.Time-Tracker.watchkitapp.watchkitextension";
				PRODUCT_NAME = "${TARGET_NAME}";
				SDKROOT = watchos;
				SKIP_INSTALL = YES;
				SWIFT_VERSION = 5.0;
				TARGETED_DEVICE_FAMILY = 4;
				WATCHOS_DEPLOYMENT_TARGET = 5.2;
			};
			name = Release;
		};
		D69B81862268EC26006F8F0E /* Debug */ = {
			isa = XCBuildConfiguration;
			buildSettings = {
				ALWAYS_EMBED_SWIFT_STANDARD_LIBRARIES = YES;
				ASSETCATALOG_COMPILER_APPICON_NAME = AppIcon;
				CODE_SIGN_STYLE = Automatic;
				DEVELOPMENT_TEAM = CVC369LW49;
				IBSC_MODULE = Time_Tracker_WatchKit_Extension;
				INFOPLIST_FILE = "Time Tracker WatchKit App/Info.plist";
				PRODUCT_BUNDLE_IDENTIFIER = "com.omaraconsultingassoc.Time-Tracker.watchkitapp";
				PRODUCT_NAME = "$(TARGET_NAME)";
				SDKROOT = watchos;
				SKIP_INSTALL = YES;
				SWIFT_VERSION = 5.0;
				TARGETED_DEVICE_FAMILY = 4;
				WATCHOS_DEPLOYMENT_TARGET = 5.2;
			};
			name = Debug;
		};
		D69B81872268EC26006F8F0E /* Release */ = {
			isa = XCBuildConfiguration;
			buildSettings = {
				ALWAYS_EMBED_SWIFT_STANDARD_LIBRARIES = YES;
				ASSETCATALOG_COMPILER_APPICON_NAME = AppIcon;
				CODE_SIGN_STYLE = Automatic;
				DEVELOPMENT_TEAM = CVC369LW49;
				IBSC_MODULE = Time_Tracker_WatchKit_Extension;
				INFOPLIST_FILE = "Time Tracker WatchKit App/Info.plist";
				PRODUCT_BUNDLE_IDENTIFIER = "com.omaraconsultingassoc.Time-Tracker.watchkitapp";
				PRODUCT_NAME = "$(TARGET_NAME)";
				SDKROOT = watchos;
				SKIP_INSTALL = YES;
				SWIFT_VERSION = 5.0;
				TARGETED_DEVICE_FAMILY = 4;
				WATCHOS_DEPLOYMENT_TARGET = 5.2;
			};
			name = Release;
		};
		D69B818A2268EC26006F8F0E /* Debug */ = {
			isa = XCBuildConfiguration;
			buildSettings = {
				ASSETCATALOG_COMPILER_APPICON_NAME = AppIcon;
				CODE_SIGN_STYLE = Automatic;
				DEVELOPMENT_TEAM = CVC369LW49;
				INFOPLIST_FILE = "Time Tracker/Info.plist";
				LD_RUNPATH_SEARCH_PATHS = (
					"$(inherited)",
					"@executable_path/Frameworks",
				);
				PRODUCT_BUNDLE_IDENTIFIER = "com.omaraconsultingassoc.Time-Tracker";
				PRODUCT_NAME = "$(TARGET_NAME)";
				SWIFT_VERSION = 5.0;
				TARGETED_DEVICE_FAMILY = "1,2";
			};
			name = Debug;
		};
		D69B818B2268EC26006F8F0E /* Release */ = {
			isa = XCBuildConfiguration;
			buildSettings = {
				ASSETCATALOG_COMPILER_APPICON_NAME = AppIcon;
				CODE_SIGN_STYLE = Automatic;
				DEVELOPMENT_TEAM = CVC369LW49;
				INFOPLIST_FILE = "Time Tracker/Info.plist";
				LD_RUNPATH_SEARCH_PATHS = (
					"$(inherited)",
					"@executable_path/Frameworks",
				);
				PRODUCT_BUNDLE_IDENTIFIER = "com.omaraconsultingassoc.Time-Tracker";
				PRODUCT_NAME = "$(TARGET_NAME)";
				SWIFT_VERSION = 5.0;
				TARGETED_DEVICE_FAMILY = "1,2";
			};
			name = Release;
		};
/* End XCBuildConfiguration section */

/* Begin XCConfigurationList section */
		D69B814D2268EC1C006F8F0E /* Build configuration list for PBXProject "Time Tracker" */ = {
			isa = XCConfigurationList;
			buildConfigurations = (
				D69B817F2268EC26006F8F0E /* Debug */,
				D69B81802268EC26006F8F0E /* Release */,
			);
			defaultConfigurationIsVisible = 0;
			defaultConfigurationName = Release;
		};
		D69B81812268EC26006F8F0E /* Build configuration list for PBXNativeTarget "Time Tracker WatchKit Extension" */ = {
			isa = XCConfigurationList;
			buildConfigurations = (
				D69B81822268EC26006F8F0E /* Debug */,
				D69B81832268EC26006F8F0E /* Release */,
			);
			defaultConfigurationIsVisible = 0;
			defaultConfigurationName = Release;
		};
		D69B81852268EC26006F8F0E /* Build configuration list for PBXNativeTarget "Time Tracker WatchKit App" */ = {
			isa = XCConfigurationList;
			buildConfigurations = (
				D69B81862268EC26006F8F0E /* Debug */,
				D69B81872268EC26006F8F0E /* Release */,
			);
			defaultConfigurationIsVisible = 0;
			defaultConfigurationName = Release;
		};
		D69B81892268EC26006F8F0E /* Build configuration list for PBXNativeTarget "Time Tracker" */ = {
			isa = XCConfigurationList;
			buildConfigurations = (
				D69B818A2268EC26006F8F0E /* Debug */,
				D69B818B2268EC26006F8F0E /* Release */,
			);
			defaultConfigurationIsVisible = 0;
			defaultConfigurationName = Release;
		};
/* End XCConfigurationList section */
	};
	rootObject = D69B814A2268EC1C006F8F0E /* Project object */;
}
